// !$*UTF8*$!
{
	archiveVersion = 1;
	classes = {
	};
	objectVersion = 51;
	objects = {

/* Begin PBXBuildFile section */
		0489E0C626FB12CB0068B066 /* AppDelegate.swift in Sources */ = {isa = PBXBuildFile; fileRef = 0489E0C526FB12CB0068B066 /* AppDelegate.swift */; };
		0489E0C826FB12CB0068B066 /* SceneDelegate.swift in Sources */ = {isa = PBXBuildFile; fileRef = 0489E0C726FB12CB0068B066 /* SceneDelegate.swift */; };
		0489E0CA26FB12CB0068B066 /* ListViewController.swift in Sources */ = {isa = PBXBuildFile; fileRef = 0489E0C926FB12CB0068B066 /* ListViewController.swift */; };
		0489E0CD26FB12CB0068B066 /* Main.storyboard in Resources */ = {isa = PBXBuildFile; fileRef = 0489E0CB26FB12CB0068B066 /* Main.storyboard */; };
		0489E0CF26FB12CF0068B066 /* Assets.xcassets in Resources */ = {isa = PBXBuildFile; fileRef = 0489E0CE26FB12CF0068B066 /* Assets.xcassets */; };
		0489E0D226FB12CF0068B066 /* LaunchScreen.storyboard in Resources */ = {isa = PBXBuildFile; fileRef = 0489E0D026FB12CF0068B066 /* LaunchScreen.storyboard */; };
		0489E0DD26FB19F90068B066 /* ListViewModel.swift in Sources */ = {isa = PBXBuildFile; fileRef = 0489E0DC26FB19F90068B066 /* ListViewModel.swift */; };
		0489E0DF26FB232F0068B066 /* ListTableViewCell.swift in Sources */ = {isa = PBXBuildFile; fileRef = 0489E0DE26FB232F0068B066 /* ListTableViewCell.swift */; };
		0489E0E426FB26370068B066 /* TokenProvider.swift in Sources */ = {isa = PBXBuildFile; fileRef = 0489E0E326FB26370068B066 /* TokenProvider.swift */; };
		0489E0E826FB34250068B066 /* DataProvider.swift in Sources */ = {isa = PBXBuildFile; fileRef = 0489E0E726FB34250068B066 /* DataProvider.swift */; };
		0489E0EA26FB34400068B066 /* Playlist.swift in Sources */ = {isa = PBXBuildFile; fileRef = 0489E0E926FB34400068B066 /* Playlist.swift */; };
		0489E1552702B05A0068B066 /* ListHeaderView.swift in Sources */ = {isa = PBXBuildFile; fileRef = 0489E1542702B05A0068B066 /* ListHeaderView.swift */; };
		F33BC802D9986BFBFE8DB84D /* Pods_RxSwift_MusicApp.framework in Frameworks */ = {isa = PBXBuildFile; fileRef = 099254D3D4F60ECA80227602 /* Pods_RxSwift_MusicApp.framework */; };
/* End PBXBuildFile section */

/* Begin PBXFileReference section */
		0489E0C226FB12CB0068B066 /* RxSwift_MusicApp.app */ = {isa = PBXFileReference; explicitFileType = wrapper.application; includeInIndex = 0; path = RxSwift_MusicApp.app; sourceTree = BUILT_PRODUCTS_DIR; };
		0489E0C526FB12CB0068B066 /* AppDelegate.swift */ = {isa = PBXFileReference; lastKnownFileType = sourcecode.swift; path = AppDelegate.swift; sourceTree = "<group>"; };
		0489E0C726FB12CB0068B066 /* SceneDelegate.swift */ = {isa = PBXFileReference; lastKnownFileType = sourcecode.swift; path = SceneDelegate.swift; sourceTree = "<group>"; };
		0489E0C926FB12CB0068B066 /* ListViewController.swift */ = {isa = PBXFileReference; lastKnownFileType = sourcecode.swift; path = ListViewController.swift; sourceTree = "<group>"; };
		0489E0CC26FB12CB0068B066 /* Base */ = {isa = PBXFileReference; lastKnownFileType = file.storyboard; name = Base; path = Base.lproj/Main.storyboard; sourceTree = "<group>"; };
		0489E0CE26FB12CF0068B066 /* Assets.xcassets */ = {isa = PBXFileReference; lastKnownFileType = folder.assetcatalog; path = Assets.xcassets; sourceTree = "<group>"; };
		0489E0D126FB12CF0068B066 /* Base */ = {isa = PBXFileReference; lastKnownFileType = file.storyboard; name = Base; path = Base.lproj/LaunchScreen.storyboard; sourceTree = "<group>"; };
		0489E0D326FB12CF0068B066 /* Info.plist */ = {isa = PBXFileReference; lastKnownFileType = text.plist.xml; path = Info.plist; sourceTree = "<group>"; };
		0489E0DC26FB19F90068B066 /* ListViewModel.swift */ = {isa = PBXFileReference; lastKnownFileType = sourcecode.swift; path = ListViewModel.swift; sourceTree = "<group>"; };
		0489E0DE26FB232F0068B066 /* ListTableViewCell.swift */ = {isa = PBXFileReference; lastKnownFileType = sourcecode.swift; path = ListTableViewCell.swift; sourceTree = "<group>"; };
		0489E0E326FB26370068B066 /* TokenProvider.swift */ = {isa = PBXFileReference; lastKnownFileType = sourcecode.swift; path = TokenProvider.swift; sourceTree = "<group>"; };
		0489E0E726FB34250068B066 /* DataProvider.swift */ = {isa = PBXFileReference; lastKnownFileType = sourcecode.swift; path = DataProvider.swift; sourceTree = "<group>"; };
		0489E0E926FB34400068B066 /* Playlist.swift */ = {isa = PBXFileReference; lastKnownFileType = sourcecode.swift; path = Playlist.swift; sourceTree = "<group>"; };
		0489E1542702B05A0068B066 /* ListHeaderView.swift */ = {isa = PBXFileReference; lastKnownFileType = sourcecode.swift; path = ListHeaderView.swift; sourceTree = "<group>"; };
		099254D3D4F60ECA80227602 /* Pods_RxSwift_MusicApp.framework */ = {isa = PBXFileReference; explicitFileType = wrapper.framework; includeInIndex = 0; path = Pods_RxSwift_MusicApp.framework; sourceTree = BUILT_PRODUCTS_DIR; };
		B7FA92755864BAAD48146A4E /* Pods-RxSwift_MusicApp.debug.xcconfig */ = {isa = PBXFileReference; includeInIndex = 1; lastKnownFileType = text.xcconfig; name = "Pods-RxSwift_MusicApp.debug.xcconfig"; path = "Target Support Files/Pods-RxSwift_MusicApp/Pods-RxSwift_MusicApp.debug.xcconfig"; sourceTree = "<group>"; };
		BFD750B8D66280041A00E804 /* Pods-RxSwift_MusicApp.release.xcconfig */ = {isa = PBXFileReference; includeInIndex = 1; lastKnownFileType = text.xcconfig; name = "Pods-RxSwift_MusicApp.release.xcconfig"; path = "Target Support Files/Pods-RxSwift_MusicApp/Pods-RxSwift_MusicApp.release.xcconfig"; sourceTree = "<group>"; };
/* End PBXFileReference section */

/* Begin PBXFrameworksBuildPhase section */
		0489E0BF26FB12CB0068B066 /* Frameworks */ = {
			isa = PBXFrameworksBuildPhase;
			buildActionMask = 2147483647;
			files = (
				F33BC802D9986BFBFE8DB84D /* Pods_RxSwift_MusicApp.framework in Frameworks */,
			);
			runOnlyForDeploymentPostprocessing = 0;
		};
/* End PBXFrameworksBuildPhase section */

/* Begin PBXGroup section */
		0489E0B926FB12CB0068B066 = {
			isa = PBXGroup;
			children = (
				0489E0C426FB12CB0068B066 /* RxSwift_MusicApp */,
				0489E0C326FB12CB0068B066 /* Products */,
				D409ED0E91E5AF767D3A6B38 /* Pods */,
				4E5EBE45173F02C858561236 /* Frameworks */,
			);
			sourceTree = "<group>";
		};
		0489E0C326FB12CB0068B066 /* Products */ = {
			isa = PBXGroup;
			children = (
				0489E0C226FB12CB0068B066 /* RxSwift_MusicApp.app */,
			);
			name = Products;
			sourceTree = "<group>";
		};
		0489E0C426FB12CB0068B066 /* RxSwift_MusicApp */ = {
			isa = PBXGroup;
			children = (
				0489E0C526FB12CB0068B066 /* AppDelegate.swift */,
				0489E0C726FB12CB0068B066 /* SceneDelegate.swift */,
				0489E0DB26FB13A80068B066 /* Model */,
				0489E0DA26FB139A0068B066 /* ViewModel */,
				0489E0D926FB138B0068B066 /* View */,
				0489E0CB26FB12CB0068B066 /* Main.storyboard */,
				0489E0CE26FB12CF0068B066 /* Assets.xcassets */,
				0489E0D026FB12CF0068B066 /* LaunchScreen.storyboard */,
				0489E0D326FB12CF0068B066 /* Info.plist */,
			);
			path = RxSwift_MusicApp;
			sourceTree = "<group>";
		};
		0489E0D926FB138B0068B066 /* View */ = {
			isa = PBXGroup;
			children = (
				0489E0E126FB233E0068B066 /* Controller */,
				0489E0E026FB23350068B066 /* View */,
			);
			path = View;
			sourceTree = "<group>";
		};
		0489E0DA26FB139A0068B066 /* ViewModel */ = {
			isa = PBXGroup;
			children = (
				0489E0DC26FB19F90068B066 /* ListViewModel.swift */,
			);
			path = ViewModel;
			sourceTree = "<group>";
		};
		0489E0DB26FB13A80068B066 /* Model */ = {
			isa = PBXGroup;
			children = (
				0489E0E926FB34400068B066 /* Playlist.swift */,
				0489E0E226FB26230068B066 /* Network */,
			);
			path = Model;
			sourceTree = "<group>";
		};
		0489E0E026FB23350068B066 /* View */ = {
			isa = PBXGroup;
			children = (
				0489E0DE26FB232F0068B066 /* ListTableViewCell.swift */,
				0489E1542702B05A0068B066 /* ListHeaderView.swift */,
			);
			path = View;
			sourceTree = "<group>";
		};
		0489E0E126FB233E0068B066 /* Controller */ = {
			isa = PBXGroup;
			children = (
				0489E0C926FB12CB0068B066 /* ListViewController.swift */,
			);
			path = Controller;
			sourceTree = "<group>";
		};
		0489E0E226FB26230068B066 /* Network */ = {
			isa = PBXGroup;
			children = (
				0489E0E326FB26370068B066 /* TokenProvider.swift */,
				0489E0E726FB34250068B066 /* DataProvider.swift */,
			);
			path = Network;
			sourceTree = "<group>";
		};
		4E5EBE45173F02C858561236 /* Frameworks */ = {
			isa = PBXGroup;
			children = (
				099254D3D4F60ECA80227602 /* Pods_RxSwift_MusicApp.framework */,
			);
			name = Frameworks;
			sourceTree = "<group>";
		};
		D409ED0E91E5AF767D3A6B38 /* Pods */ = {
			isa = PBXGroup;
			children = (
				B7FA92755864BAAD48146A4E /* Pods-RxSwift_MusicApp.debug.xcconfig */,
				BFD750B8D66280041A00E804 /* Pods-RxSwift_MusicApp.release.xcconfig */,
			);
			path = Pods;
			sourceTree = "<group>";
		};
/* End PBXGroup section */

/* Begin PBXNativeTarget section */
		0489E0C126FB12CB0068B066 /* RxSwift_MusicApp */ = {
			isa = PBXNativeTarget;
			buildConfigurationList = 0489E0D626FB12CF0068B066 /* Build configuration list for PBXNativeTarget "RxSwift_MusicApp" */;
			buildPhases = (
				41A4430272666919CF98DBEF /* [CP] Check Pods Manifest.lock */,
				0489E0BE26FB12CB0068B066 /* Sources */,
				0489E0BF26FB12CB0068B066 /* Frameworks */,
				0489E0C026FB12CB0068B066 /* Resources */,
				7D95DDA13EB0A975F09D4CBA /* [CP] Embed Pods Frameworks */,
			);
			buildRules = (
			);
			dependencies = (
			);
			name = RxSwift_MusicApp;
			productName = RxSwift_MusicApp;
			productReference = 0489E0C226FB12CB0068B066 /* RxSwift_MusicApp.app */;
			productType = "com.apple.product-type.application";
		};
/* End PBXNativeTarget section */

/* Begin PBXProject section */
		0489E0BA26FB12CB0068B066 /* Project object */ = {
			isa = PBXProject;
			attributes = {
				LastSwiftUpdateCheck = 1250;
				LastUpgradeCheck = 1250;
				TargetAttributes = {
					0489E0C126FB12CB0068B066 = {
						CreatedOnToolsVersion = 12.5.1;
					};
				};
			};
			buildConfigurationList = 0489E0BD26FB12CB0068B066 /* Build configuration list for PBXProject "RxSwift_MusicApp" */;
			compatibilityVersion = "Xcode 9.3";
			developmentRegion = en;
			hasScannedForEncodings = 0;
			knownRegions = (
				en,
				Base,
			);
			mainGroup = 0489E0B926FB12CB0068B066;
			productRefGroup = 0489E0C326FB12CB0068B066 /* Products */;
			projectDirPath = "";
			projectRoot = "";
			targets = (
				0489E0C126FB12CB0068B066 /* RxSwift_MusicApp */,
			);
		};
/* End PBXProject section */

/* Begin PBXResourcesBuildPhase section */
		0489E0C026FB12CB0068B066 /* Resources */ = {
			isa = PBXResourcesBuildPhase;
			buildActionMask = 2147483647;
			files = (
				0489E0D226FB12CF0068B066 /* LaunchScreen.storyboard in Resources */,
				0489E0CF26FB12CF0068B066 /* Assets.xcassets in Resources */,
				0489E0CD26FB12CB0068B066 /* Main.storyboard in Resources */,
			);
			runOnlyForDeploymentPostprocessing = 0;
		};
/* End PBXResourcesBuildPhase section */

/* Begin PBXShellScriptBuildPhase section */
		41A4430272666919CF98DBEF /* [CP] Check Pods Manifest.lock */ = {
			isa = PBXShellScriptBuildPhase;
			buildActionMask = 2147483647;
			files = (
			);
			inputFileListPaths = (
			);
			inputPaths = (
				"${PODS_PODFILE_DIR_PATH}/Podfile.lock",
				"${PODS_ROOT}/Manifest.lock",
			);
			name = "[CP] Check Pods Manifest.lock";
			outputFileListPaths = (
			);
			outputPaths = (
				"$(DERIVED_FILE_DIR)/Pods-RxSwift_MusicApp-checkManifestLockResult.txt",
			);
			runOnlyForDeploymentPostprocessing = 0;
			shellPath = /bin/sh;
			shellScript = "diff \"${PODS_PODFILE_DIR_PATH}/Podfile.lock\" \"${PODS_ROOT}/Manifest.lock\" > /dev/null\nif [ $? != 0 ] ; then\n    # print error to STDERR\n    echo \"error: The sandbox is not in sync with the Podfile.lock. Run 'pod install' or update your CocoaPods installation.\" >&2\n    exit 1\nfi\n# This output is used by Xcode 'outputs' to avoid re-running this script phase.\necho \"SUCCESS\" > \"${SCRIPT_OUTPUT_FILE_0}\"\n";
			showEnvVarsInLog = 0;
		};
		7D95DDA13EB0A975F09D4CBA /* [CP] Embed Pods Frameworks */ = {
			isa = PBXShellScriptBuildPhase;
			buildActionMask = 2147483647;
			files = (
			);
			inputFileListPaths = (
				"${PODS_ROOT}/Target Support Files/Pods-RxSwift_MusicApp/Pods-RxSwift_MusicApp-frameworks-${CONFIGURATION}-input-files.xcfilelist",
			);
			name = "[CP] Embed Pods Frameworks";
			outputFileListPaths = (
				"${PODS_ROOT}/Target Support Files/Pods-RxSwift_MusicApp/Pods-RxSwift_MusicApp-frameworks-${CONFIGURATION}-output-files.xcfilelist",
			);
			runOnlyForDeploymentPostprocessing = 0;
			shellPath = /bin/sh;
			shellScript = "\"${PODS_ROOT}/Target Support Files/Pods-RxSwift_MusicApp/Pods-RxSwift_MusicApp-frameworks.sh\"\n";
			showEnvVarsInLog = 0;
		};
/* End PBXShellScriptBuildPhase section */

/* Begin PBXSourcesBuildPhase section */
		0489E0BE26FB12CB0068B066 /* Sources */ = {
			isa = PBXSourcesBuildPhase;
			buildActionMask = 2147483647;
			files = (
				0489E0DF26FB232F0068B066 /* ListTableViewCell.swift in Sources */,
				0489E0E426FB26370068B066 /* TokenProvider.swift in Sources */,
				0489E1552702B05A0068B066 /* ListHeaderView.swift in Sources */,
				0489E0CA26FB12CB0068B066 /* ListViewController.swift in Sources */,
				0489E0E826FB34250068B066 /* DataProvider.swift in Sources */,
				0489E0C626FB12CB0068B066 /* AppDelegate.swift in Sources */,
				0489E0DD26FB19F90068B066 /* ListViewModel.swift in Sources */,
				0489E0C826FB12CB0068B066 /* SceneDelegate.swift in Sources */,
				0489E0EA26FB34400068B066 /* Playlist.swift in Sources */,
			);
			runOnlyForDeploymentPostprocessing = 0;
		};
/* End PBXSourcesBuildPhase section */

/* Begin PBXVariantGroup section */
		0489E0CB26FB12CB0068B066 /* Main.storyboard */ = {
			isa = PBXVariantGroup;
			children = (
				0489E0CC26FB12CB0068B066 /* Base */,
			);
			name = Main.storyboard;
			sourceTree = "<group>";
		};
		0489E0D026FB12CF0068B066 /* LaunchScreen.storyboard */ = {
			isa = PBXVariantGroup;
			children = (
				0489E0D126FB12CF0068B066 /* Base */,
			);
			name = LaunchScreen.storyboard;
			sourceTree = "<group>";
		};
/* End PBXVariantGroup section */

/* Begin XCBuildConfiguration section */
		0489E0D426FB12CF0068B066 /* Debug */ = {
			isa = XCBuildConfiguration;
			buildSettings = {
				ALWAYS_SEARCH_USER_PATHS = NO;
				CLANG_ANALYZER_NONNULL = YES;
				CLANG_ANALYZER_NUMBER_OBJECT_CONVERSION = YES_AGGRESSIVE;
				CLANG_CXX_LANGUAGE_STANDARD = "gnu++14";
				CLANG_CXX_LIBRARY = "libc++";
				CLANG_ENABLE_MODULES = YES;
				CLANG_ENABLE_OBJC_ARC = YES;
				CLANG_ENABLE_OBJC_WEAK = YES;
				CLANG_WARN_BLOCK_CAPTURE_AUTORELEASING = YES;
				CLANG_WARN_BOOL_CONVERSION = YES;
				CLANG_WARN_COMMA = YES;
				CLANG_WARN_CONSTANT_CONVERSION = YES;
				CLANG_WARN_DEPRECATED_OBJC_IMPLEMENTATIONS = YES;
				CLANG_WARN_DIRECT_OBJC_ISA_USAGE = YES_ERROR;
				CLANG_WARN_DOCUMENTATION_COMMENTS = YES;
				CLANG_WARN_EMPTY_BODY = YES;
				CLANG_WARN_ENUM_CONVERSION = YES;
				CLANG_WARN_INFINITE_RECURSION = YES;
				CLANG_WARN_INT_CONVERSION = YES;
				CLANG_WARN_NON_LITERAL_NULL_CONVERSION = YES;
				CLANG_WARN_OBJC_IMPLICIT_RETAIN_SELF = YES;
				CLANG_WARN_OBJC_LITERAL_CONVERSION = YES;
				CLANG_WARN_OBJC_ROOT_CLASS = YES_ERROR;
				CLANG_WARN_QUOTED_INCLUDE_IN_FRAMEWORK_HEADER = YES;
				CLANG_WARN_RANGE_LOOP_ANALYSIS = YES;
				CLANG_WARN_STRICT_PROTOTYPES = YES;
				CLANG_WARN_SUSPICIOUS_MOVE = YES;
				CLANG_WARN_UNGUARDED_AVAILABILITY = YES_AGGRESSIVE;
				CLANG_WARN_UNREACHABLE_CODE = YES;
				CLANG_WARN__DUPLICATE_METHOD_MATCH = YES;
				COPY_PHASE_STRIP = NO;
				DEBUG_INFORMATION_FORMAT = dwarf;
				ENABLE_STRICT_OBJC_MSGSEND = YES;
				ENABLE_TESTABILITY = YES;
				GCC_C_LANGUAGE_STANDARD = gnu11;
				GCC_DYNAMIC_NO_PIC = NO;
				GCC_NO_COMMON_BLOCKS = YES;
				GCC_OPTIMIZATION_LEVEL = 0;
				GCC_PREPROCESSOR_DEFINITIONS = (
					"DEBUG=1",
					"$(inherited)",
				);
				GCC_WARN_64_TO_32_BIT_CONVERSION = YES;
				GCC_WARN_ABOUT_RETURN_TYPE = YES_ERROR;
				GCC_WARN_UNDECLARED_SELECTOR = YES;
				GCC_WARN_UNINITIALIZED_AUTOS = YES_AGGRESSIVE;
				GCC_WARN_UNUSED_FUNCTION = YES;
				GCC_WARN_UNUSED_VARIABLE = YES;
				IPHONEOS_DEPLOYMENT_TARGET = 14.5;
				MTL_ENABLE_DEBUG_INFO = INCLUDE_SOURCE;
				MTL_FAST_MATH = YES;
				ONLY_ACTIVE_ARCH = YES;
				SDKROOT = iphoneos;
				SWIFT_ACTIVE_COMPILATION_CONDITIONS = DEBUG;
				SWIFT_OPTIMIZATION_LEVEL = "-Onone";
			};
			name = Debug;
		};
		0489E0D526FB12CF0068B066 /* Release */ = {
			isa = XCBuildConfiguration;
			buildSettings = {
				ALWAYS_SEARCH_USER_PATHS = NO;
				CLANG_ANALYZER_NONNULL = YES;
				CLANG_ANALYZER_NUMBER_OBJECT_CONVERSION = YES_AGGRESSIVE;
				CLANG_CXX_LANGUAGE_STANDARD = "gnu++14";
				CLANG_CXX_LIBRARY = "libc++";
				CLANG_ENABLE_MODULES = YES;
				CLANG_ENABLE_OBJC_ARC = YES;
				CLANG_ENABLE_OBJC_WEAK = YES;
				CLANG_WARN_BLOCK_CAPTURE_AUTORELEASING = YES;
				CLANG_WARN_BOOL_CONVERSION = YES;
				CLANG_WARN_COMMA = YES;
				CLANG_WARN_CONSTANT_CONVERSION = YES;
				CLANG_WARN_DEPRECATED_OBJC_IMPLEMENTATIONS = YES;
				CLANG_WARN_DIRECT_OBJC_ISA_USAGE = YES_ERROR;
				CLANG_WARN_DOCUMENTATION_COMMENTS = YES;
				CLANG_WARN_EMPTY_BODY = YES;
				CLANG_WARN_ENUM_CONVERSION = YES;
				CLANG_WARN_INFINITE_RECURSION = YES;
				CLANG_WARN_INT_CONVERSION = YES;
				CLANG_WARN_NON_LITERAL_NULL_CONVERSION = YES;
				CLANG_WARN_OBJC_IMPLICIT_RETAIN_SELF = YES;
				CLANG_WARN_OBJC_LITERAL_CONVERSION = YES;
				CLANG_WARN_OBJC_ROOT_CLASS = YES_ERROR;
				CLANG_WARN_QUOTED_INCLUDE_IN_FRAMEWORK_HEADER = YES;
				CLANG_WARN_RANGE_LOOP_ANALYSIS = YES;
				CLANG_WARN_STRICT_PROTOTYPES = YES;
				CLANG_WARN_SUSPICIOUS_MOVE = YES;
				CLANG_WARN_UNGUARDED_AVAILABILITY = YES_AGGRESSIVE;
				CLANG_WARN_UNREACHABLE_CODE = YES;
				CLANG_WARN__DUPLICATE_METHOD_MATCH = YES;
				COPY_PHASE_STRIP = NO;
				DEBUG_INFORMATION_FORMAT = "dwarf-with-dsym";
				ENABLE_NS_ASSERTIONS = NO;
				ENABLE_STRICT_OBJC_MSGSEND = YES;
				GCC_C_LANGUAGE_STANDARD = gnu11;
				GCC_NO_COMMON_BLOCKS = YES;
				GCC_WARN_64_TO_32_BIT_CONVERSION = YES;
				GCC_WARN_ABOUT_RETURN_TYPE = YES_ERROR;
				GCC_WARN_UNDECLARED_SELECTOR = YES;
				GCC_WARN_UNINITIALIZED_AUTOS = YES_AGGRESSIVE;
				GCC_WARN_UNUSED_FUNCTION = YES;
				GCC_WARN_UNUSED_VARIABLE = YES;
				IPHONEOS_DEPLOYMENT_TARGET = 14.5;
				MTL_ENABLE_DEBUG_INFO = NO;
				MTL_FAST_MATH = YES;
				SDKROOT = iphoneos;
				SWIFT_COMPILATION_MODE = wholemodule;
				SWIFT_OPTIMIZATION_LEVEL = "-O";
				VALIDATE_PRODUCT = YES;
			};
			name = Release;
		};
		0489E0D726FB12CF0068B066 /* Debug */ = {
			isa = XCBuildConfiguration;
			baseConfigurationReference = B7FA92755864BAAD48146A4E /* Pods-RxSwift_MusicApp.debug.xcconfig */;
			buildSettings = {
				ASSETCATALOG_COMPILER_APPICON_NAME = AppIcon;
				ASSETCATALOG_COMPILER_GLOBAL_ACCENT_COLOR_NAME = AccentColor;
				CODE_SIGN_STYLE = Automatic;
				DEVELOPMENT_TEAM = X4829HAJSP;
				INFOPLIST_FILE = RxSwift_MusicApp/Info.plist;
				LD_RUNPATH_SEARCH_PATHS = (
					"$(inherited)",
					"@executable_path/Frameworks",
				);
				PRODUCT_BUNDLE_IDENTIFIER = "serenahuang.RxSwift-MusicApp";
				PRODUCT_NAME = "$(TARGET_NAME)";
				SWIFT_VERSION = 5.0;
				TARGETED_DEVICE_FAMILY = "1,2";
			};
			name = Debug;
		};
		0489E0D826FB12CF0068B066 /* Release */ = {
			isa = XCBuildConfiguration;
			baseConfigurationReference = BFD750B8D66280041A00E804 /* Pods-RxSwift_MusicApp.release.xcconfig */;
			buildSettings = {
				ASSETCATALOG_COMPILER_APPICON_NAME = AppIcon;
				ASSETCATALOG_COMPILER_GLOBAL_ACCENT_COLOR_NAME = AccentColor;
				CODE_SIGN_STYLE = Automatic;
				DEVELOPMENT_TEAM = X4829HAJSP;
				INFOPLIST_FILE = RxSwift_MusicApp/Info.plist;
				LD_RUNPATH_SEARCH_PATHS = (
					"$(inherited)",
					"@executable_path/Frameworks",
				);
				PRODUCT_BUNDLE_IDENTIFIER = "serenahuang.RxSwift-MusicApp";
				PRODUCT_NAME = "$(TARGET_NAME)";
				SWIFT_VERSION = 5.0;
				TARGETED_DEVICE_FAMILY = "1,2";
			};
			name = Release;
		};
/* End XCBuildConfiguration section */

/* Begin XCConfigurationList section */
		0489E0BD26FB12CB0068B066 /* Build configuration list for PBXProject "RxSwift_MusicApp" */ = {
			isa = XCConfigurationList;
			buildConfigurations = (
				0489E0D426FB12CF0068B066 /* Debug */,
				0489E0D526FB12CF0068B066 /* Release */,
			);
			defaultConfigurationIsVisible = 0;
			defaultConfigurationName = Release;
		};
		0489E0D626FB12CF0068B066 /* Build configuration list for PBXNativeTarget "RxSwift_MusicApp" */ = {
			isa = XCConfigurationList;
			buildConfigurations = (
				0489E0D726FB12CF0068B066 /* Debug */,
				0489E0D826FB12CF0068B066 /* Release */,
			);
			defaultConfigurationIsVisible = 0;
			defaultConfigurationName = Release;
		};
/* End XCConfigurationList section */
	};
	rootObject = 0489E0BA26FB12CB0068B066 /* Project object */;
}
